
Microsoft Visual Studio Solution File, Format Version 12.00
# Visual Studio Version 17
VisualStudioVersion = 17.13.35617.110 d17.13
MinimumVisualStudioVersion = 10.0.40219.1
Project("{2150E333-8FDC-42A3-9474-1A3956D46DE8}") = "Solution Items", "Solution Items", "{8EC462FD-D22E-90A8-E5CE-7E832BA40C5D}"
	ProjectSection(SolutionItems) = preProject
		Commands.md = Commands.md
		Directory.Build.props = Directory.Build.props
		Directory.Packages.props = Directory.Packages.props
	EndProjectSection
EndProject
Project("{2150E333-8FDC-42A3-9474-1A3956D46DE8}") = "src", "src", "{02EA681E-C7D8-13C7-8484-4AC65E1B71E8}"
EndProject
Project("{FAE04EC0-301F-11D3-BF4B-00C04F79EFBC}") = "ModularMonolith.Web", "src\ModularMonolith.Web\ModularMonolith.Web.csproj", "{98483DCC-7A3B-438E-BEE1-DC75C8F26EAA}"
EndProject
Global
	GlobalSection(SolutionConfigurationPlatforms) = preSolution
		Debug|Any CPU = Debug|Any CPU
		Release|Any CPU = Release|Any CPU
	EndGlobalSection
	GlobalSection(ProjectConfigurationPlatforms) = postSolution
		{98483DCC-7A3B-438E-BEE1-DC75C8F26EAA}.Debug|Any CPU.ActiveCfg = Debug|Any CPU
		{98483DCC-7A3B-438E-BEE1-DC75C8F26EAA}.Debug|Any CPU.Build.0 = Debug|Any CPU
		{98483DCC-7A3B-438E-BEE1-DC75C8F26EAA}.Release|Any CPU.ActiveCfg = Release|Any CPU
		{98483DCC-7A3B-438E-BEE1-DC75C8F26EAA}.Release|Any CPU.Build.0 = Release|Any CPU
	EndGlobalSection
	GlobalSection(SolutionProperties) = preSolution
		HideSolutionNode = FALSE
	EndGlobalSection
	GlobalSection(NestedProjects) = preSolution
		{98483DCC-7A3B-438E-BEE1-DC75C8F26EAA} = {02EA681E-C7D8-13C7-8484-4AC65E1B71E8}
	EndGlobalSection
	GlobalSection(ExtensibilityGlobals) = postSolution
		SolutionGuid = {542E9438-8178-4BB5-B47D-DFC6B550DF2F}
	EndGlobalSection
EndGlobal
